
Microsoft Visual Studio Solution File, Format Version 12.00
# Visual Studio Version 17
VisualStudioVersion = 17.7.34221.43
MinimumVisualStudioVersion = 10.0.40219.1
Project("{FAE04EC0-301F-11D3-BF4B-00C04F79EFBC}") = "ReservationManager.API", "ReservationManager.API.csproj", "{A050D3A9-198E-48D5-A64A-084B86F04643}"
EndProject
Project("{FAE04EC0-301F-11D3-BF4B-00C04F79EFBC}") = "ReservationManager.Core", "..\ReservationManager.Core\ReservationManager.Core.csproj", "{D2C1E955-A954-472F-82ED-85611731597C}"
EndProject
Project("{FAE04EC0-301F-11D3-BF4B-00C04F79EFBC}") = "ReservationManager.Persistence", "..\ReservationManager.Persistence\ReservationManager.Persistence.csproj", "{AF43C106-3D31-47B2-8469-7832AB5928B5}"
EndProject
Project("{FAE04EC0-301F-11D3-BF4B-00C04F79EFBC}") = "ReservationManager.DomainModel", "..\ReservationManager.DomainModel\ReservationManager.DomainModel.csproj", "{791A2957-F381-40AC-B325-66D49375FA49}"
EndProject
Global
	GlobalSection(SolutionConfigurationPlatforms) = preSolution
		Debug|Any CPU = Debug|Any CPU
		Release|Any CPU = Release|Any CPU
	EndGlobalSection
	GlobalSection(ProjectConfigurationPlatforms) = postSolution
		{A050D3A9-198E-48D5-A64A-084B86F04643}.Debug|Any CPU.ActiveCfg = Debug|Any CPU
		{A050D3A9-198E-48D5-A64A-084B86F04643}.Debug|Any CPU.Build.0 = Debug|Any CPU
		{A050D3A9-198E-48D5-A64A-084B86F04643}.Release|Any CPU.ActiveCfg = Release|Any CPU
		{A050D3A9-198E-48D5-A64A-084B86F04643}.Release|Any CPU.Build.0 = Release|Any CPU
		{D2C1E955-A954-472F-82ED-85611731597C}.Debug|Any CPU.ActiveCfg = Debug|Any CPU
		{D2C1E955-A954-472F-82ED-85611731597C}.Debug|Any CPU.Build.0 = Debug|Any CPU
		{D2C1E955-A954-472F-82ED-85611731597C}.Release|Any CPU.ActiveCfg = Release|Any CPU
		{D2C1E955-A954-472F-82ED-85611731597C}.Release|Any CPU.Build.0 = Release|Any CPU
		{AF43C106-3D31-47B2-8469-7832AB5928B5}.Debug|Any CPU.ActiveCfg = Debug|Any CPU
		{AF43C106-3D31-47B2-8469-7832AB5928B5}.Debug|Any CPU.Build.0 = Debug|Any CPU
		{AF43C106-3D31-47B2-8469-7832AB5928B5}.Release|Any CPU.ActiveCfg = Release|Any CPU
		{AF43C106-3D31-47B2-8469-7832AB5928B5}.Release|Any CPU.Build.0 = Release|Any CPU
		{791A2957-F381-40AC-B325-66D49375FA49}.Debug|Any CPU.ActiveCfg = Debug|Any CPU
		{791A2957-F381-40AC-B325-66D49375FA49}.Debug|Any CPU.Build.0 = Debug|Any CPU
		{791A2957-F381-40AC-B325-66D49375FA49}.Release|Any CPU.ActiveCfg = Release|Any CPU
		{791A2957-F381-40AC-B325-66D49375FA49}.Release|Any CPU.Build.0 = Release|Any CPU
	EndGlobalSection
	GlobalSection(SolutionProperties) = preSolution
		HideSolutionNode = FALSE
	EndGlobalSection
	GlobalSection(ExtensibilityGlobals) = postSolution
		SolutionGuid = {AA516B61-EA24-4AE2-BAE1-DF7924A6BE15}
	EndGlobalSection
EndGlobal
